
Microsoft Visual Studio Solution File, Format Version 12.00
# Visual Studio 15
VisualStudioVersion = 15.0.28307.705
MinimumVisualStudioVersion = 10.0.40219.1
Project("{FAE04EC0-301F-11D3-BF4B-00C04F79EFBC}") = "PhoneDiscern", "PhoneDiscern\PhoneDiscern.csproj", "{AD3FD147-D535-4796-B3C2-1EED4C8899D9}"
EndProject
Global
	GlobalSection(SolutionConfigurationPlatforms) = preSolution
		Debug|Any CPU = Debug|Any CPU
		Release|Any CPU = Release|Any CPU
	EndGlobalSection
	GlobalSection(ProjectConfigurationPlatforms) = postSolution
		{AD3FD147-D535-4796-B3C2-1EED4C8899D9}.Debug|Any CPU.ActiveCfg = Debug|Any CPU
		{AD3FD147-D535-4796-B3C2-1EED4C8899D9}.Debug|Any CPU.Build.0 = Debug|Any CPU
		{AD3FD147-D535-4796-B3C2-1EED4C8899D9}.Release|Any CPU.ActiveCfg = Release|Any CPU
		{AD3FD147-D535-4796-B3C2-1EED4C8899D9}.Release|Any CPU.Build.0 = Release|Any CPU
	EndGlobalSection
	GlobalSection(SolutionProperties) = preSolution
		HideSolutionNode = FALSE
	EndGlobalSection
	GlobalSection(ExtensibilityGlobals) = postSolution
		SolutionGuid = {2D5A644B-36CD-47C8-BD68-AEC4462B1FF2}
	EndGlobalSection
EndGlobal
